
Microsoft Visual Studio Solution File, Format Version 12.00
# Visual Studio Version 17
VisualStudioVersion = 17.0.31903.59
MinimumVisualStudioVersion = 10.0.40219.1
Project("{FAE04EC0-301F-11D3-BF4B-00C04F79EFBC}") = "bar_project1", "bar_project1\bar_project1.csproj", "{BDCB0486-F94A-447A-9BD5-783485B5358C}"
EndProject
Project("{FAE04EC0-301F-11D3-BF4B-00C04F79EFBC}") = "bar_project2", "bar_project2\bar_project2.csproj", "{0F6519F9-3BEB-4080-B222-D39563138A23}"
EndProject
Project("{FAE04EC0-301F-11D3-BF4B-00C04F79EFBC}") = "bar_project3", "bar_project3\bar_project3.csproj", "{09B4B941-2D38-47E3-9B7E-EF91461D4E68}"
EndProject
Global
	GlobalSection(SolutionConfigurationPlatforms) = preSolution
		Debug|Any CPU = Debug|Any CPU
		Release|Any CPU = Release|Any CPU
	EndGlobalSection
	GlobalSection(SolutionProperties) = preSolution
		HideSolutionNode = FALSE
	EndGlobalSection
	GlobalSection(ProjectConfigurationPlatforms) = postSolution
		{BDCB0486-F94A-447A-9BD5-783485B5358C}.Debug|Any CPU.ActiveCfg = Debug|Any CPU
		{BDCB0486-F94A-447A-9BD5-783485B5358C}.Debug|Any CPU.Build.0 = Debug|Any CPU
		{BDCB0486-F94A-447A-9BD5-783485B5358C}.Release|Any CPU.ActiveCfg = Release|Any CPU
		{BDCB0486-F94A-447A-9BD5-783485B5358C}.Release|Any CPU.Build.0 = Release|Any CPU
		{0F6519F9-3BEB-4080-B222-D39563138A23}.Debug|Any CPU.ActiveCfg = Debug|Any CPU
		{0F6519F9-3BEB-4080-B222-D39563138A23}.Debug|Any CPU.Build.0 = Debug|Any CPU
		{0F6519F9-3BEB-4080-B222-D39563138A23}.Release|Any CPU.ActiveCfg = Release|Any CPU
		{0F6519F9-3BEB-4080-B222-D39563138A23}.Release|Any CPU.Build.0 = Release|Any CPU
		{09B4B941-2D38-47E3-9B7E-EF91461D4E68}.Debug|Any CPU.ActiveCfg = Debug|Any CPU
		{09B4B941-2D38-47E3-9B7E-EF91461D4E68}.Debug|Any CPU.Build.0 = Debug|Any CPU
		{09B4B941-2D38-47E3-9B7E-EF91461D4E68}.Release|Any CPU.ActiveCfg = Release|Any CPU
		{09B4B941-2D38-47E3-9B7E-EF91461D4E68}.Release|Any CPU.Build.0 = Release|Any CPU
	EndGlobalSection
EndGlobal
